
Microsoft Visual Studio Solution File, Format Version 12.00
# Visual Studio Version 16
VisualStudioVersion = 16.0.29926.136
MinimumVisualStudioVersion = 10.0.40219.1
Project("{FAE04EC0-301F-11D3-BF4B-00C04F79EFBC}") = "LinqBackgroundKnowledge", "LinqBackgroundKnowledge\LinqBackgroundKnowledge.csproj", "{F79BA112-0E24-4D2B-9258-ADF3D7EA6B5D}"
EndProject
Global
	GlobalSection(SolutionConfigurationPlatforms) = preSolution
		Debug|Any CPU = Debug|Any CPU
		Release|Any CPU = Release|Any CPU
	EndGlobalSection
	GlobalSection(ProjectConfigurationPlatforms) = postSolution
		{F79BA112-0E24-4D2B-9258-ADF3D7EA6B5D}.Debug|Any CPU.ActiveCfg = Debug|Any CPU
		{F79BA112-0E24-4D2B-9258-ADF3D7EA6B5D}.Debug|Any CPU.Build.0 = Debug|Any CPU
		{F79BA112-0E24-4D2B-9258-ADF3D7EA6B5D}.Release|Any CPU.ActiveCfg = Release|Any CPU
		{F79BA112-0E24-4D2B-9258-ADF3D7EA6B5D}.Release|Any CPU.Build.0 = Release|Any CPU
	EndGlobalSection
	GlobalSection(SolutionProperties) = preSolution
		HideSolutionNode = FALSE
	EndGlobalSection
	GlobalSection(ExtensibilityGlobals) = postSolution
		SolutionGuid = {C37FEE23-A7EA-4156-8DF5-ADE315E6D8CB}
	EndGlobalSection
EndGlobal
