
Microsoft Visual Studio Solution File, Format Version 12.00
# Visual Studio Version 16
VisualStudioVersion = 16.0.29920.165
MinimumVisualStudioVersion = 10.0.40219.1
Project("{FAE04EC0-301F-11D3-BF4B-00C04F79EFBC}") = "LinqDemos", "LinqDemos\LinqDemos.csproj", "{811B7D8F-ED18-4A10-B020-F97881E3ED6B}"
EndProject
Global
	GlobalSection(SolutionConfigurationPlatforms) = preSolution
		Debug|Any CPU = Debug|Any CPU
		Release|Any CPU = Release|Any CPU
	EndGlobalSection
	GlobalSection(ProjectConfigurationPlatforms) = postSolution
		{811B7D8F-ED18-4A10-B020-F97881E3ED6B}.Debug|Any CPU.ActiveCfg = Debug|Any CPU
		{811B7D8F-ED18-4A10-B020-F97881E3ED6B}.Debug|Any CPU.Build.0 = Debug|Any CPU
		{811B7D8F-ED18-4A10-B020-F97881E3ED6B}.Release|Any CPU.ActiveCfg = Release|Any CPU
		{811B7D8F-ED18-4A10-B020-F97881E3ED6B}.Release|Any CPU.Build.0 = Release|Any CPU
	EndGlobalSection
	GlobalSection(SolutionProperties) = preSolution
		HideSolutionNode = FALSE
	EndGlobalSection
	GlobalSection(ExtensibilityGlobals) = postSolution
		SolutionGuid = {A7EF5E28-F076-4031-88AC-934F5820D972}
	EndGlobalSection
EndGlobal
