
Microsoft Visual Studio Solution File, Format Version 12.00
# Visual Studio Version 17
VisualStudioVersion = 17.4.33205.214
MinimumVisualStudioVersion = 10.0.40219.1
Project("{9A19103F-16F7-4668-BE54-9A1E7A4F7556}") = "ConsoleApp", "ConsoleApp\ConsoleApp.csproj", "{D3716D3A-FDFE-4EBB-A25E-AD8C36F6E554}"
EndProject
Project("{9A19103F-16F7-4668-BE54-9A1E7A4F7556}") = "DataHelper", "DataHelper\DataHelper.csproj", "{89352E65-A033-4C1B-ADA2-7434C60483E6}"
EndProject
Project("{9A19103F-16F7-4668-BE54-9A1E7A4F7556}") = "Shared", "Shared\Shared.csproj", "{2E5406D0-1726-4814-ABDD-E33CEABE02FE}"
EndProject
Project("{9A19103F-16F7-4668-BE54-9A1E7A4F7556}") = "TestDataLibrary", "TestDataLibrary\TestDataLibrary.csproj", "{E264FCF6-5FD5-4FFD-971E-B29EC1999272}"
EndProject
Global
	GlobalSection(SolutionConfigurationPlatforms) = preSolution
		Debug|Any CPU = Debug|Any CPU
		Release|Any CPU = Release|Any CPU
	EndGlobalSection
	GlobalSection(ProjectConfigurationPlatforms) = postSolution
		{D3716D3A-FDFE-4EBB-A25E-AD8C36F6E554}.Debug|Any CPU.ActiveCfg = Debug|Any CPU
		{D3716D3A-FDFE-4EBB-A25E-AD8C36F6E554}.Debug|Any CPU.Build.0 = Debug|Any CPU
		{D3716D3A-FDFE-4EBB-A25E-AD8C36F6E554}.Release|Any CPU.ActiveCfg = Release|Any CPU
		{D3716D3A-FDFE-4EBB-A25E-AD8C36F6E554}.Release|Any CPU.Build.0 = Release|Any CPU
		{89352E65-A033-4C1B-ADA2-7434C60483E6}.Debug|Any CPU.ActiveCfg = Debug|Any CPU
		{89352E65-A033-4C1B-ADA2-7434C60483E6}.Debug|Any CPU.Build.0 = Debug|Any CPU
		{89352E65-A033-4C1B-ADA2-7434C60483E6}.Release|Any CPU.ActiveCfg = Release|Any CPU
		{89352E65-A033-4C1B-ADA2-7434C60483E6}.Release|Any CPU.Build.0 = Release|Any CPU
		{2E5406D0-1726-4814-ABDD-E33CEABE02FE}.Debug|Any CPU.ActiveCfg = Debug|Any CPU
		{2E5406D0-1726-4814-ABDD-E33CEABE02FE}.Debug|Any CPU.Build.0 = Debug|Any CPU
		{2E5406D0-1726-4814-ABDD-E33CEABE02FE}.Release|Any CPU.ActiveCfg = Release|Any CPU
		{2E5406D0-1726-4814-ABDD-E33CEABE02FE}.Release|Any CPU.Build.0 = Release|Any CPU
		{E264FCF6-5FD5-4FFD-971E-B29EC1999272}.Debug|Any CPU.ActiveCfg = Debug|Any CPU
		{E264FCF6-5FD5-4FFD-971E-B29EC1999272}.Debug|Any CPU.Build.0 = Debug|Any CPU
		{E264FCF6-5FD5-4FFD-971E-B29EC1999272}.Release|Any CPU.ActiveCfg = Release|Any CPU
		{E264FCF6-5FD5-4FFD-971E-B29EC1999272}.Release|Any CPU.Build.0 = Release|Any CPU
	EndGlobalSection
	GlobalSection(SolutionProperties) = preSolution
		HideSolutionNode = FALSE
	EndGlobalSection
	GlobalSection(ExtensibilityGlobals) = postSolution
		SolutionGuid = {1F155DD9-D68B-47D4-9557-F2DBF79BFE65}
	EndGlobalSection
EndGlobal
